
Microsoft Visual Studio Solution File, Format Version 12.00
# Visual Studio Version 17
VisualStudioVersion = 17.7.34031.279
MinimumVisualStudioVersion = 10.0.40219.1
Project("{2150E333-8FDC-42A3-9474-1A3956D46DE8}") = "Microservices", "Microservices", "{1A178531-ED6B-4341-8417-1014AE3268D3}"
EndProject
Project("{2150E333-8FDC-42A3-9474-1A3956D46DE8}") = "Domain", "Domain", "{D89A5D79-1C00-4C74-91F3-93E7EF37F8BF}"
EndProject
Project("{2150E333-8FDC-42A3-9474-1A3956D46DE8}") = "Infra.Bus", "Infra.Bus", "{C73AF931-68B5-4A83-9927-DAAB02CE59BB}"
EndProject
Project("{2150E333-8FDC-42A3-9474-1A3956D46DE8}") = "Infra.IoC", "Infra.IoC", "{E5417F9D-CF3D-42CD-9182-33E09399AE5A}"
EndProject
Project("{2150E333-8FDC-42A3-9474-1A3956D46DE8}") = "Presentation", "Presentation", "{35E4D388-CFD3-4144-AEFE-BE204664198D}"
EndProject
Project("{FAE04EC0-301F-11D3-BF4B-00C04F79EFBC}") = "MicroRabbit.Domain.Core", "MicroRabbit.Domain.Core\MicroRabbit.Domain.Core.csproj", "{E3B2460B-A477-4723-8384-8129B9204DEE}"
EndProject
Project("{FAE04EC0-301F-11D3-BF4B-00C04F79EFBC}") = "MicroRabbit.Infra.Bus", "MicroRabbit.Infra.Bus\MicroRabbit.Infra.Bus.csproj", "{266F3C3D-ED82-468E-AE51-6523981B2A73}"
EndProject
Global
	GlobalSection(SolutionConfigurationPlatforms) = preSolution
		Debug|Any CPU = Debug|Any CPU
		Release|Any CPU = Release|Any CPU
	EndGlobalSection
	GlobalSection(ProjectConfigurationPlatforms) = postSolution
		{E3B2460B-A477-4723-8384-8129B9204DEE}.Debug|Any CPU.ActiveCfg = Debug|Any CPU
		{E3B2460B-A477-4723-8384-8129B9204DEE}.Debug|Any CPU.Build.0 = Debug|Any CPU
		{E3B2460B-A477-4723-8384-8129B9204DEE}.Release|Any CPU.ActiveCfg = Release|Any CPU
		{E3B2460B-A477-4723-8384-8129B9204DEE}.Release|Any CPU.Build.0 = Release|Any CPU
		{266F3C3D-ED82-468E-AE51-6523981B2A73}.Debug|Any CPU.ActiveCfg = Debug|Any CPU
		{266F3C3D-ED82-468E-AE51-6523981B2A73}.Debug|Any CPU.Build.0 = Debug|Any CPU
		{266F3C3D-ED82-468E-AE51-6523981B2A73}.Release|Any CPU.ActiveCfg = Release|Any CPU
		{266F3C3D-ED82-468E-AE51-6523981B2A73}.Release|Any CPU.Build.0 = Release|Any CPU
	EndGlobalSection
	GlobalSection(SolutionProperties) = preSolution
		HideSolutionNode = FALSE
	EndGlobalSection
	GlobalSection(NestedProjects) = preSolution
		{E3B2460B-A477-4723-8384-8129B9204DEE} = {D89A5D79-1C00-4C74-91F3-93E7EF37F8BF}
		{266F3C3D-ED82-468E-AE51-6523981B2A73} = {C73AF931-68B5-4A83-9927-DAAB02CE59BB}
	EndGlobalSection
	GlobalSection(ExtensibilityGlobals) = postSolution
		SolutionGuid = {E63B86DE-984F-499F-959C-FF484DEC128D}
	EndGlobalSection
EndGlobal
