
Microsoft Visual Studio Solution File, Format Version 12.00
# Visual Studio Version 17
VisualStudioVersion = 17.7.34031.279
MinimumVisualStudioVersion = 10.0.40219.1
Project("{2150E333-8FDC-42A3-9474-1A3956D46DE8}") = "Microservices", "Microservices", "{1A178531-ED6B-4341-8417-1014AE3268D3}"
EndProject
Project("{2150E333-8FDC-42A3-9474-1A3956D46DE8}") = "Domain", "Domain", "{D89A5D79-1C00-4C74-91F3-93E7EF37F8BF}"
EndProject
Project("{2150E333-8FDC-42A3-9474-1A3956D46DE8}") = "Infra.Bus", "Infra.Bus", "{C73AF931-68B5-4A83-9927-DAAB02CE59BB}"
EndProject
Project("{2150E333-8FDC-42A3-9474-1A3956D46DE8}") = "Infra.IoC", "Infra.IoC", "{E5417F9D-CF3D-42CD-9182-33E09399AE5A}"
EndProject
Project("{2150E333-8FDC-42A3-9474-1A3956D46DE8}") = "Presentation", "Presentation", "{35E4D388-CFD3-4144-AEFE-BE204664198D}"
EndProject
Project("{FAE04EC0-301F-11D3-BF4B-00C04F79EFBC}") = "MicroRabbit.Domain.Core", "MicroRabbit.Domain.Core\MicroRabbit.Domain.Core.csproj", "{E3B2460B-A477-4723-8384-8129B9204DEE}"
EndProject
Project("{FAE04EC0-301F-11D3-BF4B-00C04F79EFBC}") = "MicroRabbit.Infra.Bus", "MicroRabbit.Infra.Bus\MicroRabbit.Infra.Bus.csproj", "{266F3C3D-ED82-468E-AE51-6523981B2A73}"
EndProject
Project("{FAE04EC0-301F-11D3-BF4B-00C04F79EFBC}") = "MicroRabbit.Infra.IoC", "MicroRabbit.Infra.IoC\MicroRabbit.Infra.IoC.csproj", "{6CB9327B-1CB7-439A-A4C7-46E1355CC30A}"
EndProject
Project("{2150E333-8FDC-42A3-9474-1A3956D46DE8}") = "Banking", "Banking", "{59097E79-BD7B-4BD3-92ED-177B0D17463D}"
EndProject
Project("{2150E333-8FDC-42A3-9474-1A3956D46DE8}") = "API", "API", "{91A03CF3-C706-40D3-B3F1-EB2D3E2666B2}"
EndProject
Project("{2150E333-8FDC-42A3-9474-1A3956D46DE8}") = "Application", "Application", "{05192B5F-6A61-4991-8EBA-3B6669D1549D}"
EndProject
Project("{2150E333-8FDC-42A3-9474-1A3956D46DE8}") = "Data", "Data", "{82077055-E56F-4518-942C-7341ED5B3214}"
EndProject
Project("{2150E333-8FDC-42A3-9474-1A3956D46DE8}") = "Domain", "Domain", "{C976AFB0-1711-4192-AFB4-BA8E0B02FB40}"
EndProject
Project("{FAE04EC0-301F-11D3-BF4B-00C04F79EFBC}") = "MicroRabbit.Banking.Api", "MicroRabbit.Banking.Api\MicroRabbit.Banking.Api.csproj", "{A87850FB-246E-4508-913C-8C1C6F5FC386}"
EndProject
Project("{FAE04EC0-301F-11D3-BF4B-00C04F79EFBC}") = "MicroRabbit.Banking.Application", "MicroRabbit.Banking.Application\MicroRabbit.Banking.Application.csproj", "{A45FB7D3-5AD6-4483-B57E-9FDF28F94F38}"
EndProject
Project("{FAE04EC0-301F-11D3-BF4B-00C04F79EFBC}") = "MicroRabbit.Banking.Data", "MicroRabbit.Banking.Data\MicroRabbit.Banking.Data.csproj", "{EA87D5AA-3F15-4DAD-BECD-86CCAA885B84}"
EndProject
Project("{FAE04EC0-301F-11D3-BF4B-00C04F79EFBC}") = "MicroRabbit.Banking.Domain", "MicroRabbit.Banking.Domain\MicroRabbit.Banking.Domain.csproj", "{2F160085-BB9E-4E94-AA7D-F121A8660C41}"
EndProject
Global
	GlobalSection(SolutionConfigurationPlatforms) = preSolution
		Debug|Any CPU = Debug|Any CPU
		Release|Any CPU = Release|Any CPU
	EndGlobalSection
	GlobalSection(ProjectConfigurationPlatforms) = postSolution
		{E3B2460B-A477-4723-8384-8129B9204DEE}.Debug|Any CPU.ActiveCfg = Debug|Any CPU
		{E3B2460B-A477-4723-8384-8129B9204DEE}.Debug|Any CPU.Build.0 = Debug|Any CPU
		{E3B2460B-A477-4723-8384-8129B9204DEE}.Release|Any CPU.ActiveCfg = Release|Any CPU
		{E3B2460B-A477-4723-8384-8129B9204DEE}.Release|Any CPU.Build.0 = Release|Any CPU
		{266F3C3D-ED82-468E-AE51-6523981B2A73}.Debug|Any CPU.ActiveCfg = Debug|Any CPU
		{266F3C3D-ED82-468E-AE51-6523981B2A73}.Debug|Any CPU.Build.0 = Debug|Any CPU
		{266F3C3D-ED82-468E-AE51-6523981B2A73}.Release|Any CPU.ActiveCfg = Release|Any CPU
		{266F3C3D-ED82-468E-AE51-6523981B2A73}.Release|Any CPU.Build.0 = Release|Any CPU
		{6CB9327B-1CB7-439A-A4C7-46E1355CC30A}.Debug|Any CPU.ActiveCfg = Debug|Any CPU
		{6CB9327B-1CB7-439A-A4C7-46E1355CC30A}.Debug|Any CPU.Build.0 = Debug|Any CPU
		{6CB9327B-1CB7-439A-A4C7-46E1355CC30A}.Release|Any CPU.ActiveCfg = Release|Any CPU
		{6CB9327B-1CB7-439A-A4C7-46E1355CC30A}.Release|Any CPU.Build.0 = Release|Any CPU
		{A87850FB-246E-4508-913C-8C1C6F5FC386}.Debug|Any CPU.ActiveCfg = Debug|Any CPU
		{A87850FB-246E-4508-913C-8C1C6F5FC386}.Debug|Any CPU.Build.0 = Debug|Any CPU
		{A87850FB-246E-4508-913C-8C1C6F5FC386}.Release|Any CPU.ActiveCfg = Release|Any CPU
		{A87850FB-246E-4508-913C-8C1C6F5FC386}.Release|Any CPU.Build.0 = Release|Any CPU
		{A45FB7D3-5AD6-4483-B57E-9FDF28F94F38}.Debug|Any CPU.ActiveCfg = Debug|Any CPU
		{A45FB7D3-5AD6-4483-B57E-9FDF28F94F38}.Debug|Any CPU.Build.0 = Debug|Any CPU
		{A45FB7D3-5AD6-4483-B57E-9FDF28F94F38}.Release|Any CPU.ActiveCfg = Release|Any CPU
		{A45FB7D3-5AD6-4483-B57E-9FDF28F94F38}.Release|Any CPU.Build.0 = Release|Any CPU
		{EA87D5AA-3F15-4DAD-BECD-86CCAA885B84}.Debug|Any CPU.ActiveCfg = Debug|Any CPU
		{EA87D5AA-3F15-4DAD-BECD-86CCAA885B84}.Debug|Any CPU.Build.0 = Debug|Any CPU
		{EA87D5AA-3F15-4DAD-BECD-86CCAA885B84}.Release|Any CPU.ActiveCfg = Release|Any CPU
		{EA87D5AA-3F15-4DAD-BECD-86CCAA885B84}.Release|Any CPU.Build.0 = Release|Any CPU
		{2F160085-BB9E-4E94-AA7D-F121A8660C41}.Debug|Any CPU.ActiveCfg = Debug|Any CPU
		{2F160085-BB9E-4E94-AA7D-F121A8660C41}.Debug|Any CPU.Build.0 = Debug|Any CPU
		{2F160085-BB9E-4E94-AA7D-F121A8660C41}.Release|Any CPU.ActiveCfg = Release|Any CPU
		{2F160085-BB9E-4E94-AA7D-F121A8660C41}.Release|Any CPU.Build.0 = Release|Any CPU
	EndGlobalSection
	GlobalSection(SolutionProperties) = preSolution
		HideSolutionNode = FALSE
	EndGlobalSection
	GlobalSection(NestedProjects) = preSolution
		{E3B2460B-A477-4723-8384-8129B9204DEE} = {D89A5D79-1C00-4C74-91F3-93E7EF37F8BF}
		{266F3C3D-ED82-468E-AE51-6523981B2A73} = {C73AF931-68B5-4A83-9927-DAAB02CE59BB}
		{6CB9327B-1CB7-439A-A4C7-46E1355CC30A} = {E5417F9D-CF3D-42CD-9182-33E09399AE5A}
		{59097E79-BD7B-4BD3-92ED-177B0D17463D} = {1A178531-ED6B-4341-8417-1014AE3268D3}
		{91A03CF3-C706-40D3-B3F1-EB2D3E2666B2} = {59097E79-BD7B-4BD3-92ED-177B0D17463D}
		{05192B5F-6A61-4991-8EBA-3B6669D1549D} = {59097E79-BD7B-4BD3-92ED-177B0D17463D}
		{82077055-E56F-4518-942C-7341ED5B3214} = {59097E79-BD7B-4BD3-92ED-177B0D17463D}
		{C976AFB0-1711-4192-AFB4-BA8E0B02FB40} = {59097E79-BD7B-4BD3-92ED-177B0D17463D}
		{A87850FB-246E-4508-913C-8C1C6F5FC386} = {91A03CF3-C706-40D3-B3F1-EB2D3E2666B2}
		{A45FB7D3-5AD6-4483-B57E-9FDF28F94F38} = {05192B5F-6A61-4991-8EBA-3B6669D1549D}
		{EA87D5AA-3F15-4DAD-BECD-86CCAA885B84} = {82077055-E56F-4518-942C-7341ED5B3214}
		{2F160085-BB9E-4E94-AA7D-F121A8660C41} = {C976AFB0-1711-4192-AFB4-BA8E0B02FB40}
	EndGlobalSection
	GlobalSection(ExtensibilityGlobals) = postSolution
		SolutionGuid = {E63B86DE-984F-499F-959C-FF484DEC128D}
	EndGlobalSection
EndGlobal
